// !$*UTF8*$!
{
	archiveVersion = 1;
	classes = {
	};
	objectVersion = 56;
	objects = {

/* Begin PBXBuildFile section */
		01B831ED29808AEF00A224ED /* Play_App.swift in Sources */ = {isa = PBXBuildFile; fileRef = 01B831EC29808AEF00A224ED /* Play_App.swift */; };
		01B831F129808AF200A224ED /* Assets.xcassets in Resources */ = {isa = PBXBuildFile; fileRef = 01B831F029808AF200A224ED /* Assets.xcassets */; };
		01B831F429808AF200A224ED /* Preview Assets.xcassets in Resources */ = {isa = PBXBuildFile; fileRef = 01B831F329808AF200A224ED /* Preview Assets.xcassets */; };
		01B831FE29808AF300A224ED /* Play_Tests.swift in Sources */ = {isa = PBXBuildFile; fileRef = 01B831FD29808AF300A224ED /* Play_Tests.swift */; };
		01B8320829808AF300A224ED /* Play_UITests.swift in Sources */ = {isa = PBXBuildFile; fileRef = 01B8320729808AF300A224ED /* Play_UITests.swift */; };
		01B8320A29808AF300A224ED /* Play_UITestsLaunchTests.swift in Sources */ = {isa = PBXBuildFile; fileRef = 01B8320929808AF300A224ED /* Play_UITestsLaunchTests.swift */; };
		01B8322229808DB400A224ED /* LoginView.swift in Sources */ = {isa = PBXBuildFile; fileRef = 01B8322129808DB300A224ED /* LoginView.swift */; };
		01B8322429808DCA00A224ED /* LoginViewModel.swift in Sources */ = {isa = PBXBuildFile; fileRef = 01B8322329808DCA00A224ED /* LoginViewModel.swift */; };
		01B8322B298099C200A224ED /* CustomError.swift in Sources */ = {isa = PBXBuildFile; fileRef = 01B83228298099BF00A224ED /* CustomError.swift */; };
		01B8322C298099C200A224ED /* HttpClient.swift in Sources */ = {isa = PBXBuildFile; fileRef = 01B83229298099C100A224ED /* HttpClient.swift */; };
		01B8322D298099C200A224ED /* HttpResponse.swift in Sources */ = {isa = PBXBuildFile; fileRef = 01B8322A298099C100A224ED /* HttpResponse.swift */; };
		01B8322F298099E400A224ED /* LoginProvider.swift in Sources */ = {isa = PBXBuildFile; fileRef = 01B8322E298099E400A224ED /* LoginProvider.swift */; };
		01B83231298099E900A224ED /* LoginAdapter.swift in Sources */ = {isa = PBXBuildFile; fileRef = 01B83230298099E900A224ED /* LoginAdapter.swift */; };
		01B8323329809A0100A224ED /* User.swift in Sources */ = {isa = PBXBuildFile; fileRef = 01B8323229809A0100A224ED /* User.swift */; };
		01B8323629809B7500A224ED /* LoginBindings.swift in Sources */ = {isa = PBXBuildFile; fileRef = 01B8323529809B7500A224ED /* LoginBindings.swift */; };
		01EA10D2298335C600C9301A /* Router.swift in Sources */ = {isa = PBXBuildFile; fileRef = 01EA10D1298335C600C9301A /* Router.swift */; };
		01EA10D8298342C200C9301A /* AppRoutes.swift in Sources */ = {isa = PBXBuildFile; fileRef = 01EA10D7298342C200C9301A /* AppRoutes.swift */; };
		01EA10DA2983436700C9301A /* HomeView.swift in Sources */ = {isa = PBXBuildFile; fileRef = 01EA10D92983436700C9301A /* HomeView.swift */; };
		01EA10DC2983439400C9301A /* HomeViewModel.swift in Sources */ = {isa = PBXBuildFile; fileRef = 01EA10DB2983439400C9301A /* HomeViewModel.swift */; };
		01EA10DE2983439F00C9301A /* HomeBindings.swift in Sources */ = {isa = PBXBuildFile; fileRef = 01EA10DD2983439F00C9301A /* HomeBindings.swift */; };
		01EA10E02983536300C9301A /* LoginRepository.swift in Sources */ = {isa = PBXBuildFile; fileRef = 01EA10DF2983536200C9301A /* LoginRepository.swift */; };
/* End PBXBuildFile section */

/* Begin PBXContainerItemProxy section */
		01B831FA29808AF300A224ED /* PBXContainerItemProxy */ = {
			isa = PBXContainerItemProxy;
			containerPortal = 01B831E129808AEF00A224ED /* Project object */;
			proxyType = 1;
			remoteGlobalIDString = 01B831E829808AEF00A224ED;
			remoteInfo = "Play!";
		};
		01B8320429808AF300A224ED /* PBXContainerItemProxy */ = {
			isa = PBXContainerItemProxy;
			containerPortal = 01B831E129808AEF00A224ED /* Project object */;
			proxyType = 1;
			remoteGlobalIDString = 01B831E829808AEF00A224ED;
			remoteInfo = "Play!";
		};
/* End PBXContainerItemProxy section */

/* Begin PBXFileReference section */
		01B831E929808AEF00A224ED /* Play!.app */ = {isa = PBXFileReference; explicitFileType = wrapper.application; includeInIndex = 0; path = "Play!.app"; sourceTree = BUILT_PRODUCTS_DIR; };
		01B831EC29808AEF00A224ED /* Play_App.swift */ = {isa = PBXFileReference; lastKnownFileType = sourcecode.swift; path = Play_App.swift; sourceTree = "<group>"; };
		01B831F029808AF200A224ED /* Assets.xcassets */ = {isa = PBXFileReference; lastKnownFileType = folder.assetcatalog; path = Assets.xcassets; sourceTree = "<group>"; };
		01B831F329808AF200A224ED /* Preview Assets.xcassets */ = {isa = PBXFileReference; lastKnownFileType = folder.assetcatalog; path = "Preview Assets.xcassets"; sourceTree = "<group>"; };
		01B831F929808AF300A224ED /* Play!Tests.xctest */ = {isa = PBXFileReference; explicitFileType = wrapper.cfbundle; includeInIndex = 0; path = "Play!Tests.xctest"; sourceTree = BUILT_PRODUCTS_DIR; };
		01B831FD29808AF300A224ED /* Play_Tests.swift */ = {isa = PBXFileReference; lastKnownFileType = sourcecode.swift; path = Play_Tests.swift; sourceTree = "<group>"; };
		01B8320329808AF300A224ED /* Play!UITests.xctest */ = {isa = PBXFileReference; explicitFileType = wrapper.cfbundle; includeInIndex = 0; path = "Play!UITests.xctest"; sourceTree = BUILT_PRODUCTS_DIR; };
		01B8320729808AF300A224ED /* Play_UITests.swift */ = {isa = PBXFileReference; lastKnownFileType = sourcecode.swift; path = Play_UITests.swift; sourceTree = "<group>"; };
		01B8320929808AF300A224ED /* Play_UITestsLaunchTests.swift */ = {isa = PBXFileReference; lastKnownFileType = sourcecode.swift; path = Play_UITestsLaunchTests.swift; sourceTree = "<group>"; };
		01B8322129808DB300A224ED /* LoginView.swift */ = {isa = PBXFileReference; lastKnownFileType = sourcecode.swift; path = LoginView.swift; sourceTree = "<group>"; };
		01B8322329808DCA00A224ED /* LoginViewModel.swift */ = {isa = PBXFileReference; lastKnownFileType = sourcecode.swift; path = LoginViewModel.swift; sourceTree = "<group>"; };
		01B83228298099BF00A224ED /* CustomError.swift */ = {isa = PBXFileReference; fileEncoding = 4; lastKnownFileType = sourcecode.swift; path = CustomError.swift; sourceTree = "<group>"; };
		01B83229298099C100A224ED /* HttpClient.swift */ = {isa = PBXFileReference; fileEncoding = 4; lastKnownFileType = sourcecode.swift; path = HttpClient.swift; sourceTree = "<group>"; };
		01B8322A298099C100A224ED /* HttpResponse.swift */ = {isa = PBXFileReference; fileEncoding = 4; lastKnownFileType = sourcecode.swift; path = HttpResponse.swift; sourceTree = "<group>"; };
		01B8322E298099E400A224ED /* LoginProvider.swift */ = {isa = PBXFileReference; fileEncoding = 4; lastKnownFileType = sourcecode.swift; path = LoginProvider.swift; sourceTree = "<group>"; };
		01B83230298099E900A224ED /* LoginAdapter.swift */ = {isa = PBXFileReference; fileEncoding = 4; lastKnownFileType = sourcecode.swift; path = LoginAdapter.swift; sourceTree = "<group>"; };
		01B8323229809A0100A224ED /* User.swift */ = {isa = PBXFileReference; fileEncoding = 4; lastKnownFileType = sourcecode.swift; path = User.swift; sourceTree = "<group>"; };
		01B8323529809B7500A224ED /* LoginBindings.swift */ = {isa = PBXFileReference; lastKnownFileType = sourcecode.swift; path = LoginBindings.swift; sourceTree = "<group>"; };
		01EA10D1298335C600C9301A /* Router.swift */ = {isa = PBXFileReference; lastKnownFileType = sourcecode.swift; path = Router.swift; sourceTree = "<group>"; };
		01EA10D7298342C200C9301A /* AppRoutes.swift */ = {isa = PBXFileReference; lastKnownFileType = sourcecode.swift; path = AppRoutes.swift; sourceTree = "<group>"; };
		01EA10D92983436700C9301A /* HomeView.swift */ = {isa = PBXFileReference; lastKnownFileType = sourcecode.swift; path = HomeView.swift; sourceTree = "<group>"; };
		01EA10DB2983439400C9301A /* HomeViewModel.swift */ = {isa = PBXFileReference; lastKnownFileType = sourcecode.swift; path = HomeViewModel.swift; sourceTree = "<group>"; };
		01EA10DD2983439F00C9301A /* HomeBindings.swift */ = {isa = PBXFileReference; lastKnownFileType = sourcecode.swift; path = HomeBindings.swift; sourceTree = "<group>"; };
		01EA10DF2983536200C9301A /* LoginRepository.swift */ = {isa = PBXFileReference; lastKnownFileType = sourcecode.swift; path = LoginRepository.swift; sourceTree = "<group>"; };
/* End PBXFileReference section */

/* Begin PBXFrameworksBuildPhase section */
		01B831E629808AEF00A224ED /* Frameworks */ = {
			isa = PBXFrameworksBuildPhase;
			buildActionMask = 2147483647;
			files = (
			);
			runOnlyForDeploymentPostprocessing = 0;
		};
		01B831F629808AF300A224ED /* Frameworks */ = {
			isa = PBXFrameworksBuildPhase;
			buildActionMask = 2147483647;
			files = (
			);
			runOnlyForDeploymentPostprocessing = 0;
		};
		01B8320029808AF300A224ED /* Frameworks */ = {
			isa = PBXFrameworksBuildPhase;
			buildActionMask = 2147483647;
			files = (
			);
			runOnlyForDeploymentPostprocessing = 0;
		};
/* End PBXFrameworksBuildPhase section */

/* Begin PBXGroup section */
		01B831E029808AEF00A224ED = {
			isa = PBXGroup;
			children = (
				01B831EB29808AEF00A224ED /* Play! */,
				01B831FC29808AF300A224ED /* Play!Tests */,
				01B8320629808AF300A224ED /* Play!UITests */,
				01B831EA29808AEF00A224ED /* Products */,
			);
			sourceTree = "<group>";
		};
		01B831EA29808AEF00A224ED /* Products */ = {
			isa = PBXGroup;
			children = (
				01B831E929808AEF00A224ED /* Play!.app */,
				01B831F929808AF300A224ED /* Play!Tests.xctest */,
				01B8320329808AF300A224ED /* Play!UITests.xctest */,
			);
			name = Products;
			sourceTree = "<group>";
		};
		01B831EB29808AEF00A224ED /* Play! */ = {
			isa = PBXGroup;
			children = (
				01B8321929808C7C00A224ED /* Tools */,
				01B8321829808C7600A224ED /* Services */,
				01B8321729808C6A00A224ED /* Domain */,
				01B8321629808C6200A224ED /* Presentation */,
				01B831EC29808AEF00A224ED /* Play_App.swift */,
				01B831F029808AF200A224ED /* Assets.xcassets */,
				01B831F229808AF200A224ED /* Preview Content */,
			);
			path = "Play!";
			sourceTree = "<group>";
		};
		01B831F229808AF200A224ED /* Preview Content */ = {
			isa = PBXGroup;
			children = (
				01B831F329808AF200A224ED /* Preview Assets.xcassets */,
			);
			path = "Preview Content";
			sourceTree = "<group>";
		};
		01B831FC29808AF300A224ED /* Play!Tests */ = {
			isa = PBXGroup;
			children = (
				01B831FD29808AF300A224ED /* Play_Tests.swift */,
			);
			path = "Play!Tests";
			sourceTree = "<group>";
		};
		01B8320629808AF300A224ED /* Play!UITests */ = {
			isa = PBXGroup;
			children = (
				01B8320729808AF300A224ED /* Play_UITests.swift */,
				01B8320929808AF300A224ED /* Play_UITestsLaunchTests.swift */,
			);
			path = "Play!UITests";
			sourceTree = "<group>";
		};
		01B8321629808C6200A224ED /* Presentation */ = {
			isa = PBXGroup;
			children = (
				01EA10D0298335B600C9301A /* Routes */,
				01B8323429809B6600A224ED /* Bindings */,
				01B8321B29808CAD00A224ED /* ViewModels */,
				01B8321A29808CA600A224ED /* Views */,
			);
			path = Presentation;
			sourceTree = "<group>";
		};
		01B8321729808C6A00A224ED /* Domain */ = {
			isa = PBXGroup;
			children = (
				01B8321E29808D6400A224ED /* Repositories */,
				01B8321D29808CBD00A224ED /* Models */,
			);
			path = Domain;
			sourceTree = "<group>";
		};
		01B8321829808C7600A224ED /* Services */ = {
			isa = PBXGroup;
			children = (
				01B8322029808D7B00A224ED /* Providers */,
				01B8321F29808D7400A224ED /* Adapters */,
			);
			path = Services;
			sourceTree = "<group>";
		};
		01B8321929808C7C00A224ED /* Tools */ = {
			isa = PBXGroup;
			children = (
				01B83228298099BF00A224ED /* CustomError.swift */,
				01B83229298099C100A224ED /* HttpClient.swift */,
				01B8322A298099C100A224ED /* HttpResponse.swift */,
				01B832272980966E00A224ED /* Routes */,
			);
			path = Tools;
			sourceTree = "<group>";
		};
		01B8321A29808CA600A224ED /* Views */ = {
			isa = PBXGroup;
			children = (
				01B8322129808DB300A224ED /* LoginView.swift */,
				01EA10D92983436700C9301A /* HomeView.swift */,
			);
			path = Views;
			sourceTree = "<group>";
		};
		01B8321B29808CAD00A224ED /* ViewModels */ = {
			isa = PBXGroup;
			children = (
				01B8322329808DCA00A224ED /* LoginViewModel.swift */,
				01EA10DB2983439400C9301A /* HomeViewModel.swift */,
			);
			path = ViewModels;
			sourceTree = "<group>";
		};
		01B8321D29808CBD00A224ED /* Models */ = {
			isa = PBXGroup;
			children = (
				01B8323229809A0100A224ED /* User.swift */,
			);
			path = Models;
			sourceTree = "<group>";
		};
		01B8321E29808D6400A224ED /* Repositories */ = {
			isa = PBXGroup;
			children = (
				01EA10DF2983536200C9301A /* LoginRepository.swift */,
			);
			path = Repositories;
			sourceTree = "<group>";
		};
		01B8321F29808D7400A224ED /* Adapters */ = {
			isa = PBXGroup;
			children = (
				01B83230298099E900A224ED /* LoginAdapter.swift */,
			);
			path = Adapters;
			sourceTree = "<group>";
		};
		01B8322029808D7B00A224ED /* Providers */ = {
			isa = PBXGroup;
			children = (
				01B8322E298099E400A224ED /* LoginProvider.swift */,
			);
			path = Providers;
			sourceTree = "<group>";
		};
		01B832272980966E00A224ED /* Routes */ = {
			isa = PBXGroup;
			children = (
			);
			path = Routes;
			sourceTree = "<group>";
		};
		01B8323429809B6600A224ED /* Bindings */ = {
			isa = PBXGroup;
			children = (
				01B8323529809B7500A224ED /* LoginBindings.swift */,
				01EA10DD2983439F00C9301A /* HomeBindings.swift */,
			);
			path = Bindings;
			sourceTree = "<group>";
		};
		01EA10D0298335B600C9301A /* Routes */ = {
			isa = PBXGroup;
			children = (
				01EA10D1298335C600C9301A /* Router.swift */,
				01EA10D7298342C200C9301A /* AppRoutes.swift */,
			);
			path = Routes;
			sourceTree = "<group>";
		};
/* End PBXGroup section */

/* Begin PBXNativeTarget section */
		01B831E829808AEF00A224ED /* Play! */ = {
			isa = PBXNativeTarget;
			buildConfigurationList = 01B8320D29808AF300A224ED /* Build configuration list for PBXNativeTarget "Play!" */;
			buildPhases = (
				01B831E529808AEF00A224ED /* Sources */,
				01B831E629808AEF00A224ED /* Frameworks */,
				01B831E729808AEF00A224ED /* Resources */,
			);
			buildRules = (
			);
			dependencies = (
			);
			name = "Play!";
			productName = "Play!";
			productReference = 01B831E929808AEF00A224ED /* Play!.app */;
			productType = "com.apple.product-type.application";
		};
		01B831F829808AF300A224ED /* Play!Tests */ = {
			isa = PBXNativeTarget;
			buildConfigurationList = 01B8321029808AF300A224ED /* Build configuration list for PBXNativeTarget "Play!Tests" */;
			buildPhases = (
				01B831F529808AF300A224ED /* Sources */,
				01B831F629808AF300A224ED /* Frameworks */,
				01B831F729808AF300A224ED /* Resources */,
			);
			buildRules = (
			);
			dependencies = (
				01B831FB29808AF300A224ED /* PBXTargetDependency */,
			);
			name = "Play!Tests";
			productName = "Play!Tests";
			productReference = 01B831F929808AF300A224ED /* Play!Tests.xctest */;
			productType = "com.apple.product-type.bundle.unit-test";
		};
		01B8320229808AF300A224ED /* Play!UITests */ = {
			isa = PBXNativeTarget;
			buildConfigurationList = 01B8321329808AF300A224ED /* Build configuration list for PBXNativeTarget "Play!UITests" */;
			buildPhases = (
				01B831FF29808AF300A224ED /* Sources */,
				01B8320029808AF300A224ED /* Frameworks */,
				01B8320129808AF300A224ED /* Resources */,
			);
			buildRules = (
			);
			dependencies = (
				01B8320529808AF300A224ED /* PBXTargetDependency */,
			);
			name = "Play!UITests";
			productName = "Play!UITests";
			productReference = 01B8320329808AF300A224ED /* Play!UITests.xctest */;
			productType = "com.apple.product-type.bundle.ui-testing";
		};
/* End PBXNativeTarget section */

/* Begin PBXProject section */
		01B831E129808AEF00A224ED /* Project object */ = {
			isa = PBXProject;
			attributes = {
				BuildIndependentTargetsInParallel = 1;
				LastSwiftUpdateCheck = 1420;
				LastUpgradeCheck = 1420;
				TargetAttributes = {
					01B831E829808AEF00A224ED = {
						CreatedOnToolsVersion = 14.2;
					};
					01B831F829808AF300A224ED = {
						CreatedOnToolsVersion = 14.2;
						TestTargetID = 01B831E829808AEF00A224ED;
					};
					01B8320229808AF300A224ED = {
						CreatedOnToolsVersion = 14.2;
						TestTargetID = 01B831E829808AEF00A224ED;
					};
				};
			};
			buildConfigurationList = 01B831E429808AEF00A224ED /* Build configuration list for PBXProject "Play!" */;
			compatibilityVersion = "Xcode 14.0";
			developmentRegion = en;
			hasScannedForEncodings = 0;
			knownRegions = (
				en,
				Base,
			);
			mainGroup = 01B831E029808AEF00A224ED;
			productRefGroup = 01B831EA29808AEF00A224ED /* Products */;
			projectDirPath = "";
			projectRoot = "";
			targets = (
				01B831E829808AEF00A224ED /* Play! */,
				01B831F829808AF300A224ED /* Play!Tests */,
				01B8320229808AF300A224ED /* Play!UITests */,
			);
		};
/* End PBXProject section */

/* Begin PBXResourcesBuildPhase section */
		01B831E729808AEF00A224ED /* Resources */ = {
			isa = PBXResourcesBuildPhase;
			buildActionMask = 2147483647;
			files = (
				01B831F429808AF200A224ED /* Preview Assets.xcassets in Resources */,
				01B831F129808AF200A224ED /* Assets.xcassets in Resources */,
			);
			runOnlyForDeploymentPostprocessing = 0;
		};
		01B831F729808AF300A224ED /* Resources */ = {
			isa = PBXResourcesBuildPhase;
			buildActionMask = 2147483647;
			files = (
			);
			runOnlyForDeploymentPostprocessing = 0;
		};
		01B8320129808AF300A224ED /* Resources */ = {
			isa = PBXResourcesBuildPhase;
			buildActionMask = 2147483647;
			files = (
			);
			runOnlyForDeploymentPostprocessing = 0;
		};
/* End PBXResourcesBuildPhase section */

/* Begin PBXSourcesBuildPhase section */
		01B831E529808AEF00A224ED /* Sources */ = {
			isa = PBXSourcesBuildPhase;
			buildActionMask = 2147483647;
			files = (
				01EA10D2298335C600C9301A /* Router.swift in Sources */,
				01EA10DA2983436700C9301A /* HomeView.swift in Sources */,
				01B8322F298099E400A224ED /* LoginProvider.swift in Sources */,
				01B8323629809B7500A224ED /* LoginBindings.swift in Sources */,
				01EA10DE2983439F00C9301A /* HomeBindings.swift in Sources */,
				01EA10D8298342C200C9301A /* AppRoutes.swift in Sources */,
				01B8322D298099C200A224ED /* HttpResponse.swift in Sources */,
				01B8322C298099C200A224ED /* HttpClient.swift in Sources */,
				01B8322429808DCA00A224ED /* LoginViewModel.swift in Sources */,
				01EA10E02983536300C9301A /* LoginRepository.swift in Sources */,
				01B8322B298099C200A224ED /* CustomError.swift in Sources */,
				01B8323329809A0100A224ED /* User.swift in Sources */,
				01B8322229808DB400A224ED /* LoginView.swift in Sources */,
				01B831ED29808AEF00A224ED /* Play_App.swift in Sources */,
				01EA10DC2983439400C9301A /* HomeViewModel.swift in Sources */,
				01B83231298099E900A224ED /* LoginAdapter.swift in Sources */,
			);
			runOnlyForDeploymentPostprocessing = 0;
		};
		01B831F529808AF300A224ED /* Sources */ = {
			isa = PBXSourcesBuildPhase;
			buildActionMask = 2147483647;
			files = (
				01B831FE29808AF300A224ED /* Play_Tests.swift in Sources */,
			);
			runOnlyForDeploymentPostprocessing = 0;
		};
		01B831FF29808AF300A224ED /* Sources */ = {
			isa = PBXSourcesBuildPhase;
			buildActionMask = 2147483647;
			files = (
				01B8320A29808AF300A224ED /* Play_UITestsLaunchTests.swift in Sources */,
				01B8320829808AF300A224ED /* Play_UITests.swift in Sources */,
			);
			runOnlyForDeploymentPostprocessing = 0;
		};
/* End PBXSourcesBuildPhase section */

/* Begin PBXTargetDependency section */
		01B831FB29808AF300A224ED /* PBXTargetDependency */ = {
			isa = PBXTargetDependency;
			target = 01B831E829808AEF00A224ED /* Play! */;
			targetProxy = 01B831FA29808AF300A224ED /* PBXContainerItemProxy */;
		};
		01B8320529808AF300A224ED /* PBXTargetDependency */ = {
			isa = PBXTargetDependency;
			target = 01B831E829808AEF00A224ED /* Play! */;
			targetProxy = 01B8320429808AF300A224ED /* PBXContainerItemProxy */;
		};
/* End PBXTargetDependency section */

/* Begin XCBuildConfiguration section */
		01B8320B29808AF300A224ED /* Debug */ = {
			isa = XCBuildConfiguration;
			buildSettings = {
				ALWAYS_SEARCH_USER_PATHS = NO;
				CLANG_ANALYZER_NONNULL = YES;
				CLANG_ANALYZER_NUMBER_OBJECT_CONVERSION = YES_AGGRESSIVE;
				CLANG_CXX_LANGUAGE_STANDARD = "gnu++20";
				CLANG_ENABLE_MODULES = YES;
				CLANG_ENABLE_OBJC_ARC = YES;
				CLANG_ENABLE_OBJC_WEAK = YES;
				CLANG_WARN_BLOCK_CAPTURE_AUTORELEASING = YES;
				CLANG_WARN_BOOL_CONVERSION = YES;
				CLANG_WARN_COMMA = YES;
				CLANG_WARN_CONSTANT_CONVERSION = YES;
				CLANG_WARN_DEPRECATED_OBJC_IMPLEMENTATIONS = YES;
				CLANG_WARN_DIRECT_OBJC_ISA_USAGE = YES_ERROR;
				CLANG_WARN_DOCUMENTATION_COMMENTS = YES;
				CLANG_WARN_EMPTY_BODY = YES;
				CLANG_WARN_ENUM_CONVERSION = YES;
				CLANG_WARN_INFINITE_RECURSION = YES;
				CLANG_WARN_INT_CONVERSION = YES;
				CLANG_WARN_NON_LITERAL_NULL_CONVERSION = YES;
				CLANG_WARN_OBJC_IMPLICIT_RETAIN_SELF = YES;
				CLANG_WARN_OBJC_LITERAL_CONVERSION = YES;
				CLANG_WARN_OBJC_ROOT_CLASS = YES_ERROR;
				CLANG_WARN_QUOTED_INCLUDE_IN_FRAMEWORK_HEADER = YES;
				CLANG_WARN_RANGE_LOOP_ANALYSIS = YES;
				CLANG_WARN_STRICT_PROTOTYPES = YES;
				CLANG_WARN_SUSPICIOUS_MOVE = YES;
				CLANG_WARN_UNGUARDED_AVAILABILITY = YES_AGGRESSIVE;
				CLANG_WARN_UNREACHABLE_CODE = YES;
				CLANG_WARN__DUPLICATE_METHOD_MATCH = YES;
				COPY_PHASE_STRIP = NO;
				DEBUG_INFORMATION_FORMAT = dwarf;
				ENABLE_STRICT_OBJC_MSGSEND = YES;
				ENABLE_TESTABILITY = YES;
				GCC_C_LANGUAGE_STANDARD = gnu11;
				GCC_DYNAMIC_NO_PIC = NO;
				GCC_NO_COMMON_BLOCKS = YES;
				GCC_OPTIMIZATION_LEVEL = 0;
				GCC_PREPROCESSOR_DEFINITIONS = (
					"DEBUG=1",
					"$(inherited)",
				);
				GCC_WARN_64_TO_32_BIT_CONVERSION = YES;
				GCC_WARN_ABOUT_RETURN_TYPE = YES_ERROR;
				GCC_WARN_UNDECLARED_SELECTOR = YES;
				GCC_WARN_UNINITIALIZED_AUTOS = YES_AGGRESSIVE;
				GCC_WARN_UNUSED_FUNCTION = YES;
				GCC_WARN_UNUSED_VARIABLE = YES;
				IPHONEOS_DEPLOYMENT_TARGET = 16.2;
				MTL_ENABLE_DEBUG_INFO = INCLUDE_SOURCE;
				MTL_FAST_MATH = YES;
				ONLY_ACTIVE_ARCH = YES;
				SDKROOT = iphoneos;
				SWIFT_ACTIVE_COMPILATION_CONDITIONS = DEBUG;
				SWIFT_OPTIMIZATION_LEVEL = "-Onone";
			};
			name = Debug;
		};
		01B8320C29808AF300A224ED /* Release */ = {
			isa = XCBuildConfiguration;
			buildSettings = {
				ALWAYS_SEARCH_USER_PATHS = NO;
				CLANG_ANALYZER_NONNULL = YES;
				CLANG_ANALYZER_NUMBER_OBJECT_CONVERSION = YES_AGGRESSIVE;
				CLANG_CXX_LANGUAGE_STANDARD = "gnu++20";
				CLANG_ENABLE_MODULES = YES;
				CLANG_ENABLE_OBJC_ARC = YES;
				CLANG_ENABLE_OBJC_WEAK = YES;
				CLANG_WARN_BLOCK_CAPTURE_AUTORELEASING = YES;
				CLANG_WARN_BOOL_CONVERSION = YES;
				CLANG_WARN_COMMA = YES;
				CLANG_WARN_CONSTANT_CONVERSION = YES;
				CLANG_WARN_DEPRECATED_OBJC_IMPLEMENTATIONS = YES;
				CLANG_WARN_DIRECT_OBJC_ISA_USAGE = YES_ERROR;
				CLANG_WARN_DOCUMENTATION_COMMENTS = YES;
				CLANG_WARN_EMPTY_BODY = YES;
				CLANG_WARN_ENUM_CONVERSION = YES;
				CLANG_WARN_INFINITE_RECURSION = YES;
				CLANG_WARN_INT_CONVERSION = YES;
				CLANG_WARN_NON_LITERAL_NULL_CONVERSION = YES;
				CLANG_WARN_OBJC_IMPLICIT_RETAIN_SELF = YES;
				CLANG_WARN_OBJC_LITERAL_CONVERSION = YES;
				CLANG_WARN_OBJC_ROOT_CLASS = YES_ERROR;
				CLANG_WARN_QUOTED_INCLUDE_IN_FRAMEWORK_HEADER = YES;
				CLANG_WARN_RANGE_LOOP_ANALYSIS = YES;
				CLANG_WARN_STRICT_PROTOTYPES = YES;
				CLANG_WARN_SUSPICIOUS_MOVE = YES;
				CLANG_WARN_UNGUARDED_AVAILABILITY = YES_AGGRESSIVE;
				CLANG_WARN_UNREACHABLE_CODE = YES;
				CLANG_WARN__DUPLICATE_METHOD_MATCH = YES;
				COPY_PHASE_STRIP = NO;
				DEBUG_INFORMATION_FORMAT = "dwarf-with-dsym";
				ENABLE_NS_ASSERTIONS = NO;
				ENABLE_STRICT_OBJC_MSGSEND = YES;
				GCC_C_LANGUAGE_STANDARD = gnu11;
				GCC_NO_COMMON_BLOCKS = YES;
				GCC_WARN_64_TO_32_BIT_CONVERSION = YES;
				GCC_WARN_ABOUT_RETURN_TYPE = YES_ERROR;
				GCC_WARN_UNDECLARED_SELECTOR = YES;
				GCC_WARN_UNINITIALIZED_AUTOS = YES_AGGRESSIVE;
				GCC_WARN_UNUSED_FUNCTION = YES;
				GCC_WARN_UNUSED_VARIABLE = YES;
				IPHONEOS_DEPLOYMENT_TARGET = 16.2;
				MTL_ENABLE_DEBUG_INFO = NO;
				MTL_FAST_MATH = YES;
				SDKROOT = iphoneos;
				SWIFT_COMPILATION_MODE = wholemodule;
				SWIFT_OPTIMIZATION_LEVEL = "-O";
				VALIDATE_PRODUCT = YES;
			};
			name = Release;
		};
		01B8320E29808AF300A224ED /* Debug */ = {
			isa = XCBuildConfiguration;
			buildSettings = {
				ASSETCATALOG_COMPILER_APPICON_NAME = AppIcon;
				ASSETCATALOG_COMPILER_GLOBAL_ACCENT_COLOR_NAME = AccentColor;
				CODE_SIGN_STYLE = Automatic;
				CURRENT_PROJECT_VERSION = 1;
				DEVELOPMENT_ASSET_PATHS = "\"Play!/Preview Content\"";
				DEVELOPMENT_TEAM = 2U4B9CUD5A;
				ENABLE_PREVIEWS = YES;
				GENERATE_INFOPLIST_FILE = YES;
				INFOPLIST_KEY_UIApplicationSceneManifest_Generation = YES;
				INFOPLIST_KEY_UIApplicationSupportsIndirectInputEvents = YES;
				INFOPLIST_KEY_UILaunchScreen_Generation = YES;
				INFOPLIST_KEY_UISupportedInterfaceOrientations_iPad = "UIInterfaceOrientationPortrait UIInterfaceOrientationPortraitUpsideDown UIInterfaceOrientationLandscapeLeft UIInterfaceOrientationLandscapeRight";
				INFOPLIST_KEY_UISupportedInterfaceOrientations_iPhone = "UIInterfaceOrientationPortrait UIInterfaceOrientationLandscapeLeft UIInterfaceOrientationLandscapeRight";
				LD_RUNPATH_SEARCH_PATHS = (
					"$(inherited)",
					"@executable_path/Frameworks",
				);
				MARKETING_VERSION = 1.0;
				PRODUCT_BUNDLE_IDENTIFIER = "com.gci.Play-";
				PRODUCT_NAME = "$(TARGET_NAME)";
				SWIFT_EMIT_LOC_STRINGS = YES;
				SWIFT_VERSION = 5.0;
				TARGETED_DEVICE_FAMILY = "1,2";
			};
			name = Debug;
		};
		01B8320F29808AF300A224ED /* Release */ = {
			isa = XCBuildConfiguration;
			buildSettings = {
				ASSETCATALOG_COMPILER_APPICON_NAME = AppIcon;
				ASSETCATALOG_COMPILER_GLOBAL_ACCENT_COLOR_NAME = AccentColor;
				CODE_SIGN_STYLE = Automatic;
				CURRENT_PROJECT_VERSION = 1;
				DEVELOPMENT_ASSET_PATHS = "\"Play!/Preview Content\"";
				DEVELOPMENT_TEAM = 2U4B9CUD5A;
				ENABLE_PREVIEWS = YES;
				GENERATE_INFOPLIST_FILE = YES;
				INFOPLIST_KEY_UIApplicationSceneManifest_Generation = YES;
				INFOPLIST_KEY_UIApplicationSupportsIndirectInputEvents = YES;
				INFOPLIST_KEY_UILaunchScreen_Generation = YES;
				INFOPLIST_KEY_UISupportedInterfaceOrientations_iPad = "UIInterfaceOrientationPortrait UIInterfaceOrientationPortraitUpsideDown UIInterfaceOrientationLandscapeLeft UIInterfaceOrientationLandscapeRight";
				INFOPLIST_KEY_UISupportedInterfaceOrientations_iPhone = "UIInterfaceOrientationPortrait UIInterfaceOrientationLandscapeLeft UIInterfaceOrientationLandscapeRight";
				LD_RUNPATH_SEARCH_PATHS = (
					"$(inherited)",
					"@executable_path/Frameworks",
				);
				MARKETING_VERSION = 1.0;
				PRODUCT_BUNDLE_IDENTIFIER = "com.gci.Play-";
				PRODUCT_NAME = "$(TARGET_NAME)";
				SWIFT_EMIT_LOC_STRINGS = YES;
				SWIFT_VERSION = 5.0;
				TARGETED_DEVICE_FAMILY = "1,2";
			};
			name = Release;
		};
		01B8321129808AF300A224ED /* Debug */ = {
			isa = XCBuildConfiguration;
			buildSettings = {
				ALWAYS_EMBED_SWIFT_STANDARD_LIBRARIES = YES;
				BUNDLE_LOADER = "$(TEST_HOST)";
				CODE_SIGN_STYLE = Automatic;
				CURRENT_PROJECT_VERSION = 1;
				DEVELOPMENT_TEAM = 2U4B9CUD5A;
				GENERATE_INFOPLIST_FILE = YES;
				IPHONEOS_DEPLOYMENT_TARGET = 16.2;
				MARKETING_VERSION = 1.0;
				PRODUCT_BUNDLE_IDENTIFIER = "com.gci.Play-Tests";
				PRODUCT_NAME = "$(TARGET_NAME)";
				SWIFT_EMIT_LOC_STRINGS = NO;
				SWIFT_VERSION = 5.0;
				TARGETED_DEVICE_FAMILY = "1,2";
				TEST_HOST = "$(BUILT_PRODUCTS_DIR)/Play!.app/$(BUNDLE_EXECUTABLE_FOLDER_PATH)/Play!";
			};
			name = Debug;
		};
		01B8321229808AF300A224ED /* Release */ = {
			isa = XCBuildConfiguration;
			buildSettings = {
				ALWAYS_EMBED_SWIFT_STANDARD_LIBRARIES = YES;
				BUNDLE_LOADER = "$(TEST_HOST)";
				CODE_SIGN_STYLE = Automatic;
				CURRENT_PROJECT_VERSION = 1;
				DEVELOPMENT_TEAM = 2U4B9CUD5A;
				GENERATE_INFOPLIST_FILE = YES;
				IPHONEOS_DEPLOYMENT_TARGET = 16.2;
				MARKETING_VERSION = 1.0;
				PRODUCT_BUNDLE_IDENTIFIER = "com.gci.Play-Tests";
				PRODUCT_NAME = "$(TARGET_NAME)";
				SWIFT_EMIT_LOC_STRINGS = NO;
				SWIFT_VERSION = 5.0;
				TARGETED_DEVICE_FAMILY = "1,2";
				TEST_HOST = "$(BUILT_PRODUCTS_DIR)/Play!.app/$(BUNDLE_EXECUTABLE_FOLDER_PATH)/Play!";
			};
			name = Release;
		};
		01B8321429808AF300A224ED /* Debug */ = {
			isa = XCBuildConfiguration;
			buildSettings = {
				ALWAYS_EMBED_SWIFT_STANDARD_LIBRARIES = YES;
				CODE_SIGN_STYLE = Automatic;
				CURRENT_PROJECT_VERSION = 1;
				DEVELOPMENT_TEAM = 2U4B9CUD5A;
				GENERATE_INFOPLIST_FILE = YES;
				MARKETING_VERSION = 1.0;
				PRODUCT_BUNDLE_IDENTIFIER = "com.gci.Play-UITests";
				PRODUCT_NAME = "$(TARGET_NAME)";
				SWIFT_EMIT_LOC_STRINGS = NO;
				SWIFT_VERSION = 5.0;
				TARGETED_DEVICE_FAMILY = "1,2";
				TEST_TARGET_NAME = "Play!";
			};
			name = Debug;
		};
		01B8321529808AF300A224ED /* Release */ = {
			isa = XCBuildConfiguration;
			buildSettings = {
				ALWAYS_EMBED_SWIFT_STANDARD_LIBRARIES = YES;
				CODE_SIGN_STYLE = Automatic;
				CURRENT_PROJECT_VERSION = 1;
				DEVELOPMENT_TEAM = 2U4B9CUD5A;
				GENERATE_INFOPLIST_FILE = YES;
				MARKETING_VERSION = 1.0;
				PRODUCT_BUNDLE_IDENTIFIER = "com.gci.Play-UITests";
				PRODUCT_NAME = "$(TARGET_NAME)";
				SWIFT_EMIT_LOC_STRINGS = NO;
				SWIFT_VERSION = 5.0;
				TARGETED_DEVICE_FAMILY = "1,2";
				TEST_TARGET_NAME = "Play!";
			};
			name = Release;
		};
/* End XCBuildConfiguration section */

/* Begin XCConfigurationList section */
		01B831E429808AEF00A224ED /* Build configuration list for PBXProject "Play!" */ = {
			isa = XCConfigurationList;
			buildConfigurations = (
				01B8320B29808AF300A224ED /* Debug */,
				01B8320C29808AF300A224ED /* Release */,
			);
			defaultConfigurationIsVisible = 0;
			defaultConfigurationName = Release;
		};
		01B8320D29808AF300A224ED /* Build configuration list for PBXNativeTarget "Play!" */ = {
			isa = XCConfigurationList;
			buildConfigurations = (
				01B8320E29808AF300A224ED /* Debug */,
				01B8320F29808AF300A224ED /* Release */,
			);
			defaultConfigurationIsVisible = 0;
			defaultConfigurationName = Release;
		};
		01B8321029808AF300A224ED /* Build configuration list for PBXNativeTarget "Play!Tests" */ = {
			isa = XCConfigurationList;
			buildConfigurations = (
				01B8321129808AF300A224ED /* Debug */,
				01B8321229808AF300A224ED /* Release */,
			);
			defaultConfigurationIsVisible = 0;
			defaultConfigurationName = Release;
		};
		01B8321329808AF300A224ED /* Build configuration list for PBXNativeTarget "Play!UITests" */ = {
			isa = XCConfigurationList;
			buildConfigurations = (
				01B8321429808AF300A224ED /* Debug */,
				01B8321529808AF300A224ED /* Release */,
			);
			defaultConfigurationIsVisible = 0;
			defaultConfigurationName = Release;
		};
/* End XCConfigurationList section */
	};
	rootObject = 01B831E129808AEF00A224ED /* Project object */;
}
